
Microsoft Visual Studio Solution File, Format Version 12.00
# Visual Studio Version 16
VisualStudioVersion = 16.0.31205.134
MinimumVisualStudioVersion = 10.0.40219.1
Project("{FAE04EC0-301F-11D3-BF4B-00C04F79EFBC}") = "FirstApplication", "FirstApplication\FirstApplication.csproj", "{C9F77F42-34C1-44AB-B7A3-10C60D3CDA53}"
EndProject
Global
	GlobalSection(SolutionConfigurationPlatforms) = preSolution
		Debug|Any CPU = Debug|Any CPU
		Release|Any CPU = Release|Any CPU
	EndGlobalSection
	GlobalSection(ProjectConfigurationPlatforms) = postSolution
		{C9F77F42-34C1-44AB-B7A3-10C60D3CDA53}.Debug|Any CPU.ActiveCfg = Debug|Any CPU
		{C9F77F42-34C1-44AB-B7A3-10C60D3CDA53}.Debug|Any CPU.Build.0 = Debug|Any CPU
		{C9F77F42-34C1-44AB-B7A3-10C60D3CDA53}.Release|Any CPU.ActiveCfg = Release|Any CPU
		{C9F77F42-34C1-44AB-B7A3-10C60D3CDA53}.Release|Any CPU.Build.0 = Release|Any CPU
	EndGlobalSection
	GlobalSection(SolutionProperties) = preSolution
		HideSolutionNode = FALSE
	EndGlobalSection
	GlobalSection(ExtensibilityGlobals) = postSolution
		SolutionGuid = {F917308E-FA9A-49EC-A410-0561FE9F220D}
	EndGlobalSection
EndGlobal
